
Microsoft Visual Studio Solution File, Format Version 12.00
# Visual Studio 2013
VisualStudioVersion = 12.0.40629.0
MinimumVisualStudioVersion = 10.0.40219.1
Project("{FAE04EC0-301F-11D3-BF4B-00C04F79EFBC}") = "RAP.Core", "2.APPSERVER\FinOT.Core\RAP.Core.csproj", "{71EE247B-DF70-4636-BCA3-B20EAB4E875F}"
EndProject
Project("{FAE04EC0-301F-11D3-BF4B-00C04F79EFBC}") = "RAP.Business", "2.APPSERVER\FinOT.Business\RAP.Business.csproj", "{3D74196E-3E3C-40C6-B53B-3232CFB61987}"
EndProject
Project("{FAE04EC0-301F-11D3-BF4B-00C04F79EFBC}") = "RAP.Persistence", "2.APPSERVER\FinOT.Persistence\RAP.Persistence.csproj", "{AE980304-914E-410C-B747-3A969BFF63FD}"
EndProject
Project("{FAE04EC0-301F-11D3-BF4B-00C04F79EFBC}") = "RAP.API", "1.WEBSERVER\FinOT.API\RAP.API.csproj", "{8FD164C9-9FB8-4345-8EF7-C97DA84417E0}"
EndProject
Project("{FAE04EC0-301F-11D3-BF4B-00C04F79EFBC}") = "RAP.WebClient", "1.WEBSERVER\FinOT.WebClient\RAP.WebClient.csproj", "{8584A323-9031-4DD2-8AAB-97334F236971}"
EndProject
Global
	GlobalSection(TeamFoundationVersionControl) = preSolution
		SccNumberOfProjects = 6
		SccEnterpriseProvider = {4CA58AB2-18FA-4F8D-95D4-32DDF27D184C}
		SccTeamFoundationServer = http://ev-tfs-dev:8080/tfs/ca_state_collection
		SccLocalPath0 = .
		SccProjectUniqueName1 = 1.WEBSERVER\\FinOT.API\\RAP.API.csproj
		SccProjectName1 = 1.WEBSERVER/FinOT.API
		SccLocalPath1 = 1.WEBSERVER\\FinOT.API
		SccProjectUniqueName2 = 1.WEBSERVER\\FinOT.WebClient\\RAP.WebClient.csproj
		SccProjectName2 = 1.WEBSERVER/FinOT.WebClient
		SccLocalPath2 = 1.WEBSERVER\\FinOT.WebClient
		SccProjectUniqueName3 = 2.APPSERVER\\FinOT.Business\\RAP.Business.csproj
		SccProjectName3 = 2.APPSERVER/FinOT.Business
		SccLocalPath3 = 2.APPSERVER\\FinOT.Business
		SccProjectUniqueName4 = 2.APPSERVER\\FinOT.Core\\RAP.Core.csproj
		SccProjectName4 = 2.APPSERVER/FinOT.Core
		SccLocalPath4 = 2.APPSERVER\\FinOT.Core
		SccProjectUniqueName5 = 2.APPSERVER\\FinOT.Persistence\\RAP.Persistence.csproj
		SccProjectName5 = 2.APPSERVER/FinOT.Persistence
		SccLocalPath5 = 2.APPSERVER\\FinOT.Persistence
	EndGlobalSection
	GlobalSection(SolutionConfigurationPlatforms) = preSolution
		Debug|Any CPU = Debug|Any CPU
		DebugLocal|Any CPU = DebugLocal|Any CPU
		Release|Any CPU = Release|Any CPU
	EndGlobalSection
	GlobalSection(ProjectConfigurationPlatforms) = postSolution
		{71EE247B-DF70-4636-BCA3-B20EAB4E875F}.Debug|Any CPU.ActiveCfg = Debug|Any CPU
		{71EE247B-DF70-4636-BCA3-B20EAB4E875F}.Debug|Any CPU.Build.0 = Debug|Any CPU
		{71EE247B-DF70-4636-BCA3-B20EAB4E875F}.DebugLocal|Any CPU.ActiveCfg = Debug|Any CPU
		{71EE247B-DF70-4636-BCA3-B20EAB4E875F}.DebugLocal|Any CPU.Build.0 = Debug|Any CPU
		{71EE247B-DF70-4636-BCA3-B20EAB4E875F}.Release|Any CPU.ActiveCfg = Release|Any CPU
		{71EE247B-DF70-4636-BCA3-B20EAB4E875F}.Release|Any CPU.Build.0 = Release|Any CPU
		{3D74196E-3E3C-40C6-B53B-3232CFB61987}.Debug|Any CPU.ActiveCfg = Debug|Any CPU
		{3D74196E-3E3C-40C6-B53B-3232CFB61987}.Debug|Any CPU.Build.0 = Debug|Any CPU
		{3D74196E-3E3C-40C6-B53B-3232CFB61987}.DebugLocal|Any CPU.ActiveCfg = Debug|Any CPU
		{3D74196E-3E3C-40C6-B53B-3232CFB61987}.DebugLocal|Any CPU.Build.0 = Debug|Any CPU
		{3D74196E-3E3C-40C6-B53B-3232CFB61987}.Release|Any CPU.ActiveCfg = Release|Any CPU
		{3D74196E-3E3C-40C6-B53B-3232CFB61987}.Release|Any CPU.Build.0 = Release|Any CPU
		{AE980304-914E-410C-B747-3A969BFF63FD}.Debug|Any CPU.ActiveCfg = Debug|Any CPU
		{AE980304-914E-410C-B747-3A969BFF63FD}.Debug|Any CPU.Build.0 = Debug|Any CPU
		{AE980304-914E-410C-B747-3A969BFF63FD}.DebugLocal|Any CPU.ActiveCfg = Debug|Any CPU
		{AE980304-914E-410C-B747-3A969BFF63FD}.DebugLocal|Any CPU.Build.0 = Debug|Any CPU
		{AE980304-914E-410C-B747-3A969BFF63FD}.Release|Any CPU.ActiveCfg = Release|Any CPU
		{AE980304-914E-410C-B747-3A969BFF63FD}.Release|Any CPU.Build.0 = Release|Any CPU
		{8FD164C9-9FB8-4345-8EF7-C97DA84417E0}.Debug|Any CPU.ActiveCfg = Debug|Any CPU
		{8FD164C9-9FB8-4345-8EF7-C97DA84417E0}.Debug|Any CPU.Build.0 = Debug|Any CPU
		{8FD164C9-9FB8-4345-8EF7-C97DA84417E0}.DebugLocal|Any CPU.ActiveCfg = Debug|Any CPU
		{8FD164C9-9FB8-4345-8EF7-C97DA84417E0}.DebugLocal|Any CPU.Build.0 = Debug|Any CPU
		{8FD164C9-9FB8-4345-8EF7-C97DA84417E0}.Release|Any CPU.ActiveCfg = Release|Any CPU
		{8FD164C9-9FB8-4345-8EF7-C97DA84417E0}.Release|Any CPU.Build.0 = Release|Any CPU
		{8584A323-9031-4DD2-8AAB-97334F236971}.Debug|Any CPU.ActiveCfg = Debug|Any CPU
		{8584A323-9031-4DD2-8AAB-97334F236971}.Debug|Any CPU.Build.0 = Debug|Any CPU
		{8584A323-9031-4DD2-8AAB-97334F236971}.DebugLocal|Any CPU.ActiveCfg = Debug|Any CPU
		{8584A323-9031-4DD2-8AAB-97334F236971}.DebugLocal|Any CPU.Build.0 = Debug|Any CPU
		{8584A323-9031-4DD2-8AAB-97334F236971}.Release|Any CPU.ActiveCfg = Release|Any CPU
		{8584A323-9031-4DD2-8AAB-97334F236971}.Release|Any CPU.Build.0 = Release|Any CPU
	EndGlobalSection
	GlobalSection(SolutionProperties) = preSolution
		HideSolutionNode = FALSE
	EndGlobalSection
EndGlobal
